
Microsoft Visual Studio Solution File, Format Version 12.00
# Visual Studio 15
VisualStudioVersion = 15.0.26430.16
MinimumVisualStudioVersion = 10.0.40219.1
Project("{FAE04EC0-301F-11D3-BF4B-00C04F79EFBC}") = "PlaceX", "PlaceX\PlaceX.csproj", "{E63647AD-3954-4FF2-8AD8-03FEC482CB71}"
EndProject
Project("{FAE04EC0-301F-11D3-BF4B-00C04F79EFBC}") = "PlaceX.BL", "PlaceX.BL\PlaceX.BL.csproj", "{1AAE0103-A3B7-4843-8708-5CAEAB1554C8}"
EndProject
Project("{FAE04EC0-301F-11D3-BF4B-00C04F79EFBC}") = "PlaceX.DAL", "PlaceX.DAL\PlaceX.DAL.csproj", "{F9ECA3D8-3C7D-4AEB-BF9F-7C8B7964913A}"
EndProject
Project("{FAE04EC0-301F-11D3-BF4B-00C04F79EFBC}") = "Common.DLL", "Common.DLL\Common.DLL.csproj", "{A285087E-04F1-4C87-8931-5C153BF82FB2}"
EndProject
Global
	GlobalSection(SolutionConfigurationPlatforms) = preSolution
		Debug|Any CPU = Debug|Any CPU
		Release|Any CPU = Release|Any CPU
	EndGlobalSection
	GlobalSection(ProjectConfigurationPlatforms) = postSolution
		{E63647AD-3954-4FF2-8AD8-03FEC482CB71}.Debug|Any CPU.ActiveCfg = Debug|Any CPU
		{E63647AD-3954-4FF2-8AD8-03FEC482CB71}.Debug|Any CPU.Build.0 = Debug|Any CPU
		{E63647AD-3954-4FF2-8AD8-03FEC482CB71}.Release|Any CPU.ActiveCfg = Release|Any CPU
		{E63647AD-3954-4FF2-8AD8-03FEC482CB71}.Release|Any CPU.Build.0 = Release|Any CPU
		{1AAE0103-A3B7-4843-8708-5CAEAB1554C8}.Debug|Any CPU.ActiveCfg = Debug|Any CPU
		{1AAE0103-A3B7-4843-8708-5CAEAB1554C8}.Debug|Any CPU.Build.0 = Debug|Any CPU
		{1AAE0103-A3B7-4843-8708-5CAEAB1554C8}.Release|Any CPU.ActiveCfg = Release|Any CPU
		{1AAE0103-A3B7-4843-8708-5CAEAB1554C8}.Release|Any CPU.Build.0 = Release|Any CPU
		{F9ECA3D8-3C7D-4AEB-BF9F-7C8B7964913A}.Debug|Any CPU.ActiveCfg = Debug|Any CPU
		{F9ECA3D8-3C7D-4AEB-BF9F-7C8B7964913A}.Debug|Any CPU.Build.0 = Debug|Any CPU
		{F9ECA3D8-3C7D-4AEB-BF9F-7C8B7964913A}.Release|Any CPU.ActiveCfg = Release|Any CPU
		{F9ECA3D8-3C7D-4AEB-BF9F-7C8B7964913A}.Release|Any CPU.Build.0 = Release|Any CPU
		{A285087E-04F1-4C87-8931-5C153BF82FB2}.Debug|Any CPU.ActiveCfg = Debug|Any CPU
		{A285087E-04F1-4C87-8931-5C153BF82FB2}.Debug|Any CPU.Build.0 = Debug|Any CPU
		{A285087E-04F1-4C87-8931-5C153BF82FB2}.Release|Any CPU.ActiveCfg = Release|Any CPU
		{A285087E-04F1-4C87-8931-5C153BF82FB2}.Release|Any CPU.Build.0 = Release|Any CPU
	EndGlobalSection
	GlobalSection(SolutionProperties) = preSolution
		HideSolutionNode = FALSE
	EndGlobalSection
EndGlobal
