
Microsoft Visual Studio Solution File, Format Version 12.00
# Visual Studio 15
VisualStudioVersion = 15.0.26430.16
MinimumVisualStudioVersion = 10.0.40219.1
Project("{FAE04EC0-301F-11D3-BF4B-00C04F79EFBC}") = "PlaceX", "PlaceX\PlaceX.csproj", "{0DF039E5-F5B6-4015-A447-4542C9DEC31A}"
EndProject
Project("{FAE04EC0-301F-11D3-BF4B-00C04F79EFBC}") = "Common.DLL", "Common.DLL\Common.DLL.csproj", "{2274E27D-9D17-49F8-B768-0AA4C33A1503}"
EndProject
Project("{FAE04EC0-301F-11D3-BF4B-00C04F79EFBC}") = "PlaceX.DAL", "PlaceX.DAL\PlaceX.DAL.csproj", "{502E586E-56B4-49E2-B8B7-2A71039DC36C}"
EndProject
Global
	GlobalSection(SolutionConfigurationPlatforms) = preSolution
		Debug|Any CPU = Debug|Any CPU
		Release|Any CPU = Release|Any CPU
	EndGlobalSection
	GlobalSection(ProjectConfigurationPlatforms) = postSolution
		{0DF039E5-F5B6-4015-A447-4542C9DEC31A}.Debug|Any CPU.ActiveCfg = Debug|Any CPU
		{0DF039E5-F5B6-4015-A447-4542C9DEC31A}.Debug|Any CPU.Build.0 = Debug|Any CPU
		{0DF039E5-F5B6-4015-A447-4542C9DEC31A}.Release|Any CPU.ActiveCfg = Release|Any CPU
		{0DF039E5-F5B6-4015-A447-4542C9DEC31A}.Release|Any CPU.Build.0 = Release|Any CPU
		{2274E27D-9D17-49F8-B768-0AA4C33A1503}.Debug|Any CPU.ActiveCfg = Debug|Any CPU
		{2274E27D-9D17-49F8-B768-0AA4C33A1503}.Debug|Any CPU.Build.0 = Debug|Any CPU
		{2274E27D-9D17-49F8-B768-0AA4C33A1503}.Release|Any CPU.ActiveCfg = Release|Any CPU
		{2274E27D-9D17-49F8-B768-0AA4C33A1503}.Release|Any CPU.Build.0 = Release|Any CPU
		{502E586E-56B4-49E2-B8B7-2A71039DC36C}.Debug|Any CPU.ActiveCfg = Debug|Any CPU
		{502E586E-56B4-49E2-B8B7-2A71039DC36C}.Debug|Any CPU.Build.0 = Debug|Any CPU
		{502E586E-56B4-49E2-B8B7-2A71039DC36C}.Release|Any CPU.ActiveCfg = Release|Any CPU
		{502E586E-56B4-49E2-B8B7-2A71039DC36C}.Release|Any CPU.Build.0 = Release|Any CPU
	EndGlobalSection
	GlobalSection(SolutionProperties) = preSolution
		HideSolutionNode = FALSE
	EndGlobalSection
EndGlobal
